{
  "name": "passbook-sign",
  "lockfileVersion": 2,
  "requires": true,
  "packages": {
    "": {
      "dependencies": {
        "child_process": "^1.0.2",
        "openssl-nodejs": "^1.0.5"
      }
    },
    "node_modules/child_process": {
      "version": "1.0.2",
      "resolved": "https://registry.npmjs.org/child_process/-/child_process-1.0.2.tgz",
      "integrity": "sha1-sffn/HPSXn/R1FWtyU4UODAYK1o="
    },
    "node_modules/openssl-nodejs": {
      "version": "1.0.5",
      "resolved": "https://registry.npmjs.org/openssl-nodejs/-/openssl-nodejs-1.0.5.tgz",
      "integrity": "sha512-6+nxZBw96nK1WUk5yIjhv9NRjqtNTfklB508T64BG5TQ8fU1x1rJrc1I3iVW+31KjnYYYwInGTopYxFJa7wMqA=="
    }
  },
  "dependencies": {
    "child_process": {
      "version": "1.0.2",
      "resolved": "https://registry.npmjs.org/child_process/-/child_process-1.0.2.tgz",
      "integrity": "sha1-sffn/HPSXn/R1FWtyU4UODAYK1o="
    },
    "openssl-nodejs": {
      "version": "1.0.5",
      "resolved": "https://registry.npmjs.org/openssl-nodejs/-/openssl-nodejs-1.0.5.tgz",
      "integrity": "sha512-6+nxZBw96nK1WUk5yIjhv9NRjqtNTfklB508T64BG5TQ8fU1x1rJrc1I3iVW+31KjnYYYwInGTopYxFJa7wMqA=="
    }
  }
}
